
Microsoft Visual Studio Solution File, Format Version 12.00
# Visual Studio Version 17
VisualStudioVersion = 17.0.31919.166
MinimumVisualStudioVersion = 10.0.40219.1
Project("{FAE04EC0-301F-11D3-BF4B-00C04F79EFBC}") = "uuf.PersonManagement.Model", "uuf.PersonManagement.Model\uuf.PersonManagement.Model.csproj", "{B377F9E6-5A42-49BB-8775-A0FB6C652E2A}"
EndProject
Project("{FAE04EC0-301F-11D3-BF4B-00C04F79EFBC}") = "uuf.PersonManagement.Data.EfCore", "uuf.PersonManagement.Data.EfCore\uuf.PersonManagement.Data.EfCore.csproj", "{3BDDA379-4B28-4E11-B0F0-384FCF62E49D}"
EndProject
Project("{FAE04EC0-301F-11D3-BF4B-00C04F79EFBC}") = "uuf.PersonManagement.Data.EfCore.Tests", "uuf.PersonManagement.Data.EfCore.Tests\uuf.PersonManagement.Data.EfCore.Tests.csproj", "{52D7C2C0-8533-4A0E-A402-81FDE8E10E68}"
EndProject
Project("{FAE04EC0-301F-11D3-BF4B-00C04F79EFBC}") = "uuf.PersonManagement.Logic", "uuf.PersonManagement.Logic\uuf.PersonManagement.Logic.csproj", "{E80A1DDF-0265-470F-8B76-CEBAE87D211F}"
EndProject
Project("{FAE04EC0-301F-11D3-BF4B-00C04F79EFBC}") = "uuf.PersonManagement.DevConsole", "uuf.PersonManagement.DevConsole\uuf.PersonManagement.DevConsole.csproj", "{CC2E95C2-783C-4BA5-A22E-B08BD62FD6FE}"
EndProject
Project("{FAE04EC0-301F-11D3-BF4B-00C04F79EFBC}") = "uuf.PersonManagement.Logic.Tests", "uuf.PersonManagement.Logic.Tests\uuf.PersonManagement.Logic.Tests.csproj", "{AACE01DD-3AA3-4FFF-B79C-0A2A083E5A29}"
EndProject
Global
	GlobalSection(SolutionConfigurationPlatforms) = preSolution
		Debug|Any CPU = Debug|Any CPU
		Release|Any CPU = Release|Any CPU
	EndGlobalSection
	GlobalSection(ProjectConfigurationPlatforms) = postSolution
		{B377F9E6-5A42-49BB-8775-A0FB6C652E2A}.Debug|Any CPU.ActiveCfg = Debug|Any CPU
		{B377F9E6-5A42-49BB-8775-A0FB6C652E2A}.Debug|Any CPU.Build.0 = Debug|Any CPU
		{B377F9E6-5A42-49BB-8775-A0FB6C652E2A}.Release|Any CPU.ActiveCfg = Release|Any CPU
		{B377F9E6-5A42-49BB-8775-A0FB6C652E2A}.Release|Any CPU.Build.0 = Release|Any CPU
		{3BDDA379-4B28-4E11-B0F0-384FCF62E49D}.Debug|Any CPU.ActiveCfg = Debug|Any CPU
		{3BDDA379-4B28-4E11-B0F0-384FCF62E49D}.Debug|Any CPU.Build.0 = Debug|Any CPU
		{3BDDA379-4B28-4E11-B0F0-384FCF62E49D}.Release|Any CPU.ActiveCfg = Release|Any CPU
		{3BDDA379-4B28-4E11-B0F0-384FCF62E49D}.Release|Any CPU.Build.0 = Release|Any CPU
		{52D7C2C0-8533-4A0E-A402-81FDE8E10E68}.Debug|Any CPU.ActiveCfg = Debug|Any CPU
		{52D7C2C0-8533-4A0E-A402-81FDE8E10E68}.Debug|Any CPU.Build.0 = Debug|Any CPU
		{52D7C2C0-8533-4A0E-A402-81FDE8E10E68}.Release|Any CPU.ActiveCfg = Release|Any CPU
		{52D7C2C0-8533-4A0E-A402-81FDE8E10E68}.Release|Any CPU.Build.0 = Release|Any CPU
		{E80A1DDF-0265-470F-8B76-CEBAE87D211F}.Debug|Any CPU.ActiveCfg = Debug|Any CPU
		{E80A1DDF-0265-470F-8B76-CEBAE87D211F}.Debug|Any CPU.Build.0 = Debug|Any CPU
		{E80A1DDF-0265-470F-8B76-CEBAE87D211F}.Release|Any CPU.ActiveCfg = Release|Any CPU
		{E80A1DDF-0265-470F-8B76-CEBAE87D211F}.Release|Any CPU.Build.0 = Release|Any CPU
		{CC2E95C2-783C-4BA5-A22E-B08BD62FD6FE}.Debug|Any CPU.ActiveCfg = Debug|Any CPU
		{CC2E95C2-783C-4BA5-A22E-B08BD62FD6FE}.Debug|Any CPU.Build.0 = Debug|Any CPU
		{CC2E95C2-783C-4BA5-A22E-B08BD62FD6FE}.Release|Any CPU.ActiveCfg = Release|Any CPU
		{CC2E95C2-783C-4BA5-A22E-B08BD62FD6FE}.Release|Any CPU.Build.0 = Release|Any CPU
		{AACE01DD-3AA3-4FFF-B79C-0A2A083E5A29}.Debug|Any CPU.ActiveCfg = Debug|Any CPU
		{AACE01DD-3AA3-4FFF-B79C-0A2A083E5A29}.Debug|Any CPU.Build.0 = Debug|Any CPU
		{AACE01DD-3AA3-4FFF-B79C-0A2A083E5A29}.Release|Any CPU.ActiveCfg = Release|Any CPU
		{AACE01DD-3AA3-4FFF-B79C-0A2A083E5A29}.Release|Any CPU.Build.0 = Release|Any CPU
	EndGlobalSection
	GlobalSection(SolutionProperties) = preSolution
		HideSolutionNode = FALSE
	EndGlobalSection
	GlobalSection(ExtensibilityGlobals) = postSolution
		SolutionGuid = {0743D6CC-2EFB-4D82-8C1D-4CFA561B3CFB}
	EndGlobalSection
EndGlobal
